// !$*UTF8*$!
{
	archiveVersion = 1;
	classes = {
	};
	objectVersion = 46;
	objects = {

/* Begin PBXBuildFile section */
		C8463B0F1E491E19003C439E /* AppDelegate.swift in Sources */ = {isa = PBXBuildFile; fileRef = C8463B0E1E491E19003C439E /* AppDelegate.swift */; };
		C8463B111E491E19003C439E /* DetailViewController.swift in Sources */ = {isa = PBXBuildFile; fileRef = C8463B101E491E19003C439E /* DetailViewController.swift */; };
		C8463B141E491E19003C439E /* Main.storyboard in Resources */ = {isa = PBXBuildFile; fileRef = C8463B121E491E19003C439E /* Main.storyboard */; };
		C8463B161E491E19003C439E /* Assets.xcassets in Resources */ = {isa = PBXBuildFile; fileRef = C8463B151E491E19003C439E /* Assets.xcassets */; };
		C8463B191E491E19003C439E /* LaunchScreen.storyboard in Resources */ = {isa = PBXBuildFile; fileRef = C8463B171E491E19003C439E /* LaunchScreen.storyboard */; };
		C8463B211E491E88003C439E /* RestaurantsTableViewController.swift in Sources */ = {isa = PBXBuildFile; fileRef = C8463B201E491E88003C439E /* RestaurantsTableViewController.swift */; };
		C8463B231E497DD5003C439E /* Restaurant.swift in Sources */ = {isa = PBXBuildFile; fileRef = C8463B221E497DD5003C439E /* Restaurant.swift */; };
/* End PBXBuildFile section */

/* Begin PBXFileReference section */
		C8463B0B1E491E19003C439E /* Restaurants.app */ = {isa = PBXFileReference; explicitFileType = wrapper.application; includeInIndex = 0; path = Restaurants.app; sourceTree = BUILT_PRODUCTS_DIR; };
		C8463B0E1E491E19003C439E /* AppDelegate.swift */ = {isa = PBXFileReference; lastKnownFileType = sourcecode.swift; path = AppDelegate.swift; sourceTree = "<group>"; };
		C8463B101E491E19003C439E /* DetailViewController.swift */ = {isa = PBXFileReference; lastKnownFileType = sourcecode.swift; path = DetailViewController.swift; sourceTree = "<group>"; };
		C8463B131E491E19003C439E /* Base */ = {isa = PBXFileReference; lastKnownFileType = file.storyboard; name = Base; path = Base.lproj/Main.storyboard; sourceTree = "<group>"; };
		C8463B151E491E19003C439E /* Assets.xcassets */ = {isa = PBXFileReference; lastKnownFileType = folder.assetcatalog; path = Assets.xcassets; sourceTree = "<group>"; };
		C8463B181E491E19003C439E /* Base */ = {isa = PBXFileReference; lastKnownFileType = file.storyboard; name = Base; path = Base.lproj/LaunchScreen.storyboard; sourceTree = "<group>"; };
		C8463B1A1E491E19003C439E /* Info.plist */ = {isa = PBXFileReference; lastKnownFileType = text.plist.xml; path = Info.plist; sourceTree = "<group>"; };
		C8463B201E491E88003C439E /* RestaurantsTableViewController.swift */ = {isa = PBXFileReference; fileEncoding = 4; lastKnownFileType = sourcecode.swift; path = RestaurantsTableViewController.swift; sourceTree = "<group>"; };
		C8463B221E497DD5003C439E /* Restaurant.swift */ = {isa = PBXFileReference; fileEncoding = 4; lastKnownFileType = sourcecode.swift; path = Restaurant.swift; sourceTree = "<group>"; };
/* End PBXFileReference section */

/* Begin PBXFrameworksBuildPhase section */
		C8463B081E491E19003C439E /* Frameworks */ = {
			isa = PBXFrameworksBuildPhase;
			buildActionMask = 2147483647;
			files = (
			);
			runOnlyForDeploymentPostprocessing = 0;
		};
/* End PBXFrameworksBuildPhase section */

/* Begin PBXGroup section */
		C8463B021E491E19003C439E = {
			isa = PBXGroup;
			children = (
				C8463B0D1E491E19003C439E /* Restaurants */,
				C8463B0C1E491E19003C439E /* Products */,
			);
			sourceTree = "<group>";
		};
		C8463B0C1E491E19003C439E /* Products */ = {
			isa = PBXGroup;
			children = (
				C8463B0B1E491E19003C439E /* Restaurants.app */,
			);
			name = Products;
			sourceTree = "<group>";
		};
		C8463B0D1E491E19003C439E /* Restaurants */ = {
			isa = PBXGroup;
			children = (
				C8463B0E1E491E19003C439E /* AppDelegate.swift */,
				C8463B101E491E19003C439E /* DetailViewController.swift */,
				C8463B121E491E19003C439E /* Main.storyboard */,
				C8463B201E491E88003C439E /* RestaurantsTableViewController.swift */,
				C8463B221E497DD5003C439E /* Restaurant.swift */,
				C8463B151E491E19003C439E /* Assets.xcassets */,
				C8463B171E491E19003C439E /* LaunchScreen.storyboard */,
				C8463B1A1E491E19003C439E /* Info.plist */,
			);
			name = Restaurants;
			path = Resturants;
			sourceTree = "<group>";
		};
/* End PBXGroup section */

/* Begin PBXNativeTarget section */
		C8463B0A1E491E19003C439E /* Restaurants */ = {
			isa = PBXNativeTarget;
			buildConfigurationList = C8463B1D1E491E19003C439E /* Build configuration list for PBXNativeTarget "Restaurants" */;
			buildPhases = (
				C8463B071E491E19003C439E /* Sources */,
				C8463B081E491E19003C439E /* Frameworks */,
				C8463B091E491E19003C439E /* Resources */,
			);
			buildRules = (
			);
			dependencies = (
			);
			name = Restaurants;
			productName = Resturants;
			productReference = C8463B0B1E491E19003C439E /* Restaurants.app */;
			productType = "com.apple.product-type.application";
		};
/* End PBXNativeTarget section */

/* Begin PBXProject section */
		C8463B031E491E19003C439E /* Project object */ = {
			isa = PBXProject;
			attributes = {
				LastSwiftUpdateCheck = 0820;
				LastUpgradeCheck = 0820;
				ORGANIZATIONNAME = "Toleen Jaradat";
				TargetAttributes = {
					C8463B0A1E491E19003C439E = {
						CreatedOnToolsVersion = 8.2.1;
						DevelopmentTeam = CDUH5XAS55;
						ProvisioningStyle = Automatic;
					};
				};
			};
			buildConfigurationList = C8463B061E491E19003C439E /* Build configuration list for PBXProject "Restaurants" */;
			compatibilityVersion = "Xcode 3.2";
			developmentRegion = English;
			hasScannedForEncodings = 0;
			knownRegions = (
				en,
				Base,
			);
			mainGroup = C8463B021E491E19003C439E;
			productRefGroup = C8463B0C1E491E19003C439E /* Products */;
			projectDirPath = "";
			projectRoot = "";
			targets = (
				C8463B0A1E491E19003C439E /* Restaurants */,
			);
		};
/* End PBXProject section */

/* Begin PBXResourcesBuildPhase section */
		C8463B091E491E19003C439E /* Resources */ = {
			isa = PBXResourcesBuildPhase;
			buildActionMask = 2147483647;
			files = (
				C8463B191E491E19003C439E /* LaunchScreen.storyboard in Resources */,
				C8463B161E491E19003C439E /* Assets.xcassets in Resources */,
				C8463B141E491E19003C439E /* Main.storyboard in Resources */,
			);
			runOnlyForDeploymentPostprocessing = 0;
		};
/* End PBXResourcesBuildPhase section */

/* Begin PBXSourcesBuildPhase section */
		C8463B071E491E19003C439E /* Sources */ = {
			isa = PBXSourcesBuildPhase;
			buildActionMask = 2147483647;
			files = (
				C8463B231E497DD5003C439E /* Restaurant.swift in Sources */,
				C8463B111E491E19003C439E /* DetailViewController.swift in Sources */,
				C8463B0F1E491E19003C439E /* AppDelegate.swift in Sources */,
				C8463B211E491E88003C439E /* RestaurantsTableViewController.swift in Sources */,
			);
			runOnlyForDeploymentPostprocessing = 0;
		};
/* End PBXSourcesBuildPhase section */

/* Begin PBXVariantGroup section */
		C8463B121E491E19003C439E /* Main.storyboard */ = {
			isa = PBXVariantGroup;
			children = (
				C8463B131E491E19003C439E /* Base */,
			);
			name = Main.storyboard;
			sourceTree = "<group>";
		};
		C8463B171E491E19003C439E /* LaunchScreen.storyboard */ = {
			isa = PBXVariantGroup;
			children = (
				C8463B181E491E19003C439E /* Base */,
			);
			name = LaunchScreen.storyboard;
			sourceTree = "<group>";
		};
/* End PBXVariantGroup section */

/* Begin XCBuildConfiguration section */
		C8463B1B1E491E19003C439E /* Debug */ = {
			isa = XCBuildConfiguration;
			buildSettings = {
				ALWAYS_SEARCH_USER_PATHS = NO;
				CLANG_ANALYZER_NONNULL = YES;
				CLANG_CXX_LANGUAGE_STANDARD = "gnu++0x";
				CLANG_CXX_LIBRARY = "libc++";
				CLANG_ENABLE_MODULES = YES;
				CLANG_ENABLE_OBJC_ARC = YES;
				CLANG_WARN_BOOL_CONVERSION = YES;
				CLANG_WARN_CONSTANT_CONVERSION = YES;
				CLANG_WARN_DIRECT_OBJC_ISA_USAGE = YES_ERROR;
				CLANG_WARN_DOCUMENTATION_COMMENTS = YES;
				CLANG_WARN_EMPTY_BODY = YES;
				CLANG_WARN_ENUM_CONVERSION = YES;
				CLANG_WARN_INFINITE_RECURSION = YES;
				CLANG_WARN_INT_CONVERSION = YES;
				CLANG_WARN_OBJC_ROOT_CLASS = YES_ERROR;
				CLANG_WARN_SUSPICIOUS_MOVE = YES;
				CLANG_WARN_UNREACHABLE_CODE = YES;
				CLANG_WARN__DUPLICATE_METHOD_MATCH = YES;
				"CODE_SIGN_IDENTITY[sdk=iphoneos*]" = "iPhone Developer";
				COPY_PHASE_STRIP = NO;
				DEBUG_INFORMATION_FORMAT = dwarf;
				ENABLE_STRICT_OBJC_MSGSEND = YES;
				ENABLE_TESTABILITY = YES;
				GCC_C_LANGUAGE_STANDARD = gnu99;
				GCC_DYNAMIC_NO_PIC = NO;
				GCC_NO_COMMON_BLOCKS = YES;
				GCC_OPTIMIZATION_LEVEL = 0;
				GCC_PREPROCESSOR_DEFINITIONS = (
					"DEBUG=1",
					"$(inherited)",
				);
				GCC_WARN_64_TO_32_BIT_CONVERSION = YES;
				GCC_WARN_ABOUT_RETURN_TYPE = YES_ERROR;
				GCC_WARN_UNDECLARED_SELECTOR = YES;
				GCC_WARN_UNINITIALIZED_AUTOS = YES_AGGRESSIVE;
				GCC_WARN_UNUSED_FUNCTION = YES;
				GCC_WARN_UNUSED_VARIABLE = YES;
				IPHONEOS_DEPLOYMENT_TARGET = 10.2;
				MTL_ENABLE_DEBUG_INFO = YES;
				ONLY_ACTIVE_ARCH = YES;
				SDKROOT = iphoneos;
				SWIFT_ACTIVE_COMPILATION_CONDITIONS = DEBUG;
				SWIFT_OPTIMIZATION_LEVEL = "-Onone";
				TARGETED_DEVICE_FAMILY = "1,2";
			};
			name = Debug;
		};
		C8463B1C1E491E19003C439E /* Release */ = {
			isa = XCBuildConfiguration;
			buildSettings = {
				ALWAYS_SEARCH_USER_PATHS = NO;
				CLANG_ANALYZER_NONNULL = YES;
				CLANG_CXX_LANGUAGE_STANDARD = "gnu++0x";
				CLANG_CXX_LIBRARY = "libc++";
				CLANG_ENABLE_MODULES = YES;
				CLANG_ENABLE_OBJC_ARC = YES;
				CLANG_WARN_BOOL_CONVERSION = YES;
				CLANG_WARN_CONSTANT_CONVERSION = YES;
				CLANG_WARN_DIRECT_OBJC_ISA_USAGE = YES_ERROR;
				CLANG_WARN_DOCUMENTATION_COMMENTS = YES;
				CLANG_WARN_EMPTY_BODY = YES;
				CLANG_WARN_ENUM_CONVERSION = YES;
				CLANG_WARN_INFINITE_RECURSION = YES;
				CLANG_WARN_INT_CONVERSION = YES;
				CLANG_WARN_OBJC_ROOT_CLASS = YES_ERROR;
				CLANG_WARN_SUSPICIOUS_MOVE = YES;
				CLANG_WARN_UNREACHABLE_CODE = YES;
				CLANG_WARN__DUPLICATE_METHOD_MATCH = YES;
				"CODE_SIGN_IDENTITY[sdk=iphoneos*]" = "iPhone Developer";
				COPY_PHASE_STRIP = NO;
				DEBUG_INFORMATION_FORMAT = "dwarf-with-dsym";
				ENABLE_NS_ASSERTIONS = NO;
				ENABLE_STRICT_OBJC_MSGSEND = YES;
				GCC_C_LANGUAGE_STANDARD = gnu99;
				GCC_NO_COMMON_BLOCKS = YES;
				GCC_WARN_64_TO_32_BIT_CONVERSION = YES;
				GCC_WARN_ABOUT_RETURN_TYPE = YES_ERROR;
				GCC_WARN_UNDECLARED_SELECTOR = YES;
				GCC_WARN_UNINITIALIZED_AUTOS = YES_AGGRESSIVE;
				GCC_WARN_UNUSED_FUNCTION = YES;
				GCC_WARN_UNUSED_VARIABLE = YES;
				IPHONEOS_DEPLOYMENT_TARGET = 10.2;
				MTL_ENABLE_DEBUG_INFO = NO;
				SDKROOT = iphoneos;
				SWIFT_OPTIMIZATION_LEVEL = "-Owholemodule";
				TARGETED_DEVICE_FAMILY = "1,2";
				VALIDATE_PRODUCT = YES;
			};
			name = Release;
		};
		C8463B1E1E491E19003C439E /* Debug */ = {
			isa = XCBuildConfiguration;
			buildSettings = {
				ASSETCATALOG_COMPILER_APPICON_NAME = AppIcon;
				DEVELOPMENT_TEAM = CDUH5XAS55;
				INFOPLIST_FILE = Resturants/Info.plist;
				LD_RUNPATH_SEARCH_PATHS = "$(inherited) @executable_path/Frameworks";
				PRODUCT_BUNDLE_IDENTIFIER = applan.Resturants;
				PRODUCT_NAME = "$(TARGET_NAME)";
				SWIFT_VERSION = 3.0;
			};
			name = Debug;
		};
		C8463B1F1E491E19003C439E /* Release */ = {
			isa = XCBuildConfiguration;
			buildSettings = {
				ASSETCATALOG_COMPILER_APPICON_NAME = AppIcon;
				DEVELOPMENT_TEAM = CDUH5XAS55;
				INFOPLIST_FILE = Resturants/Info.plist;
				LD_RUNPATH_SEARCH_PATHS = "$(inherited) @executable_path/Frameworks";
				PRODUCT_BUNDLE_IDENTIFIER = applan.Resturants;
				PRODUCT_NAME = "$(TARGET_NAME)";
				SWIFT_VERSION = 3.0;
			};
			name = Release;
		};
/* End XCBuildConfiguration section */

/* Begin XCConfigurationList section */
		C8463B061E491E19003C439E /* Build configuration list for PBXProject "Restaurants" */ = {
			isa = XCConfigurationList;
			buildConfigurations = (
				C8463B1B1E491E19003C439E /* Debug */,
				C8463B1C1E491E19003C439E /* Release */,
			);
			defaultConfigurationIsVisible = 0;
			defaultConfigurationName = Release;
		};
		C8463B1D1E491E19003C439E /* Build configuration list for PBXNativeTarget "Restaurants" */ = {
			isa = XCConfigurationList;
			buildConfigurations = (
				C8463B1E1E491E19003C439E /* Debug */,
				C8463B1F1E491E19003C439E /* Release */,
			);
			defaultConfigurationIsVisible = 0;
		};
/* End XCConfigurationList section */
	};
	rootObject = C8463B031E491E19003C439E /* Project object */;
}
